# This file is autogenerated, do not edit; changes may be undone by the next 'dep ensure'.


[[projects]]
  branch = "master"
  name = "github.com/cockroachdb/c-jemalloc"
  packages = ["."]
  revision = "bc40252301328e963d752cbc8e30702db03e52f2"

[[projects]]
  branch = "master"
  name = "github.com/cockroachdb/c-lz4"
  packages = ["."]
  revision = "834d3303c9e84b1045bc57c3eb3723ee8cb4d33b"

[[projects]]
  branch = "master"
  name = "github.com/cockroachdb/c-rocksdb"
  packages = ["."]
  revision = "0dd42399d1f02019c982d1752beee2f145fdd2dd"

[[projects]]
  branch = "master"
  name = "github.com/cockroachdb/c-snappy"
  packages = ["."]
  revision = "c0cd3c9ce92f195001595e1fbbe66f045daad34f"

[[projects]]
  name = "github.com/codegangsta/cli"
  packages = ["."]
  revision = "cfb38830724cc34fedffe9a2a29fb54fa9169cd1"
  version = "v1.20.0"

[[projects]]
  name = "github.com/davecgh/go-spew"
  packages = ["spew"]
  revision = "346938d642f2ec3594ed81d874461961cd0faa76"
  version = "v1.1.0"

[[projects]]
  branch = "master"
  name = "github.com/dustin/go-humanize"
  packages = ["."]
  revision = "02af3965c54e8cacf948b97fef38925c4120652c"

[[projects]]
  branch = "master"
  name = "github.com/facebookgo/ensure"
  packages = ["."]
  revision = "b4ab57deab51ee655ae4bd85281f0715a068016d"

[[projects]]
  branch = "master"
  name = "github.com/facebookgo/stack"
  packages = ["."]
  revision = "751773369052141c013c6e827a71e8f35c07879c"

[[projects]]
  branch = "master"
  name = "github.com/facebookgo/subset"
  packages = ["."]
  revision = "8dac2c3c48703541e481feddf22975953d4ff842"

[solve-meta]
  analyzer-name = "dep"
  analyzer-version = 1
  inputs-digest = "ee5c3a7f9cdd8e886ed28e3c554e442f70299d515e3100cbc7bb2cf6e7514283"
  solver-name = "gps-cdcl"
  solver-version = 1
